
Microsoft Visual Studio Solution File, Format Version 12.00
# Visual Studio Version 17
VisualStudioVersion = 17.11.35303.130
MinimumVisualStudioVersion = 10.0.40219.1
Project("{FAE04EC0-301F-11D3-BF4B-00C04F79EFBC}") = "E-Learning", "E-Learning\E-Learning.csproj", "{6FFC1830-BD81-453D-81A7-38B1745EFBC1}"
EndProject
Global
	GlobalSection(SolutionConfigurationPlatforms) = preSolution
		Debug|Any CPU = Debug|Any CPU
		Release|Any CPU = Release|Any CPU
	EndGlobalSection
	GlobalSection(ProjectConfigurationPlatforms) = postSolution
		{6FFC1830-BD81-453D-81A7-38B1745EFBC1}.Debug|Any CPU.ActiveCfg = Debug|Any CPU
		{6FFC1830-BD81-453D-81A7-38B1745EFBC1}.Debug|Any CPU.Build.0 = Debug|Any CPU
		{6FFC1830-BD81-453D-81A7-38B1745EFBC1}.Release|Any CPU.ActiveCfg = Release|Any CPU
		{6FFC1830-BD81-453D-81A7-38B1745EFBC1}.Release|Any CPU.Build.0 = Release|Any CPU
	EndGlobalSection
	GlobalSection(SolutionProperties) = preSolution
		HideSolutionNode = FALSE
	EndGlobalSection
	GlobalSection(ExtensibilityGlobals) = postSolution
		SolutionGuid = {5071B47C-7134-4B68-8FBF-1D29B82C3DBB}
	EndGlobalSection
EndGlobal
