
Microsoft Visual Studio Solution File, Format Version 12.00
# Visual Studio Version 17
VisualStudioVersion = 17.11.35303.130
MinimumVisualStudioVersion = 10.0.40219.1
Project("{9A19103F-16F7-4668-BE54-9A1E7A4F7556}") = "E-Learning", "E-Learning\E-Learning.csproj", "{6FFC1830-BD81-453D-81A7-38B1745EFBC1}"
EndProject
Project("{9A19103F-16F7-4668-BE54-9A1E7A4F7556}") = "Domain", "Domain\Domain.csproj", "{DDB68062-F180-4C08-9221-8322E9F6A4AD}"
EndProject
Project("{9A19103F-16F7-4668-BE54-9A1E7A4F7556}") = "Repository", "Repository\Repository.csproj", "{77301DC0-18D6-4B3D-9FB0-AD2372E58CFB}"
EndProject
Project("{9A19103F-16F7-4668-BE54-9A1E7A4F7556}") = "Service", "Service\Service.csproj", "{8E36200A-3BD5-43CC-8EA8-B978C508C5D7}"
EndProject
Project("{FAE04EC0-301F-11D3-BF4B-00C04F79EFBC}") = "Repositories", "Repositories\Repositories.csproj", "{F383AA92-A604-4FE6-90A8-FECC726C4EC3}"
EndProject
Project("{FAE04EC0-301F-11D3-BF4B-00C04F79EFBC}") = "Services", "Services\Services.csproj", "{9D9B2560-484D-465D-8172-DC78ADB5D28B}"
EndProject
Project("{FAE04EC0-301F-11D3-BF4B-00C04F79EFBC}") = "Enities", "Enities\Enities.csproj", "{532FC286-9834-4CAD-9B3F-7F1844A7F5F9}"
EndProject
Global
	GlobalSection(SolutionConfigurationPlatforms) = preSolution
		Debug|Any CPU = Debug|Any CPU
		Release|Any CPU = Release|Any CPU
	EndGlobalSection
	GlobalSection(ProjectConfigurationPlatforms) = postSolution
		{6FFC1830-BD81-453D-81A7-38B1745EFBC1}.Debug|Any CPU.ActiveCfg = Debug|Any CPU
		{6FFC1830-BD81-453D-81A7-38B1745EFBC1}.Debug|Any CPU.Build.0 = Debug|Any CPU
		{6FFC1830-BD81-453D-81A7-38B1745EFBC1}.Release|Any CPU.ActiveCfg = Release|Any CPU
		{6FFC1830-BD81-453D-81A7-38B1745EFBC1}.Release|Any CPU.Build.0 = Release|Any CPU
		{DDB68062-F180-4C08-9221-8322E9F6A4AD}.Debug|Any CPU.ActiveCfg = Debug|Any CPU
		{DDB68062-F180-4C08-9221-8322E9F6A4AD}.Debug|Any CPU.Build.0 = Debug|Any CPU
		{DDB68062-F180-4C08-9221-8322E9F6A4AD}.Release|Any CPU.ActiveCfg = Release|Any CPU
		{DDB68062-F180-4C08-9221-8322E9F6A4AD}.Release|Any CPU.Build.0 = Release|Any CPU
		{77301DC0-18D6-4B3D-9FB0-AD2372E58CFB}.Debug|Any CPU.ActiveCfg = Debug|Any CPU
		{77301DC0-18D6-4B3D-9FB0-AD2372E58CFB}.Debug|Any CPU.Build.0 = Debug|Any CPU
		{77301DC0-18D6-4B3D-9FB0-AD2372E58CFB}.Release|Any CPU.ActiveCfg = Release|Any CPU
		{77301DC0-18D6-4B3D-9FB0-AD2372E58CFB}.Release|Any CPU.Build.0 = Release|Any CPU
		{8E36200A-3BD5-43CC-8EA8-B978C508C5D7}.Debug|Any CPU.ActiveCfg = Debug|Any CPU
		{8E36200A-3BD5-43CC-8EA8-B978C508C5D7}.Debug|Any CPU.Build.0 = Debug|Any CPU
		{8E36200A-3BD5-43CC-8EA8-B978C508C5D7}.Release|Any CPU.ActiveCfg = Release|Any CPU
		{8E36200A-3BD5-43CC-8EA8-B978C508C5D7}.Release|Any CPU.Build.0 = Release|Any CPU
		{F383AA92-A604-4FE6-90A8-FECC726C4EC3}.Debug|Any CPU.ActiveCfg = Debug|Any CPU
		{F383AA92-A604-4FE6-90A8-FECC726C4EC3}.Debug|Any CPU.Build.0 = Debug|Any CPU
		{F383AA92-A604-4FE6-90A8-FECC726C4EC3}.Release|Any CPU.ActiveCfg = Release|Any CPU
		{F383AA92-A604-4FE6-90A8-FECC726C4EC3}.Release|Any CPU.Build.0 = Release|Any CPU
		{9D9B2560-484D-465D-8172-DC78ADB5D28B}.Debug|Any CPU.ActiveCfg = Debug|Any CPU
		{9D9B2560-484D-465D-8172-DC78ADB5D28B}.Debug|Any CPU.Build.0 = Debug|Any CPU
		{9D9B2560-484D-465D-8172-DC78ADB5D28B}.Release|Any CPU.ActiveCfg = Release|Any CPU
		{9D9B2560-484D-465D-8172-DC78ADB5D28B}.Release|Any CPU.Build.0 = Release|Any CPU
		{532FC286-9834-4CAD-9B3F-7F1844A7F5F9}.Debug|Any CPU.ActiveCfg = Debug|Any CPU
		{532FC286-9834-4CAD-9B3F-7F1844A7F5F9}.Debug|Any CPU.Build.0 = Debug|Any CPU
		{532FC286-9834-4CAD-9B3F-7F1844A7F5F9}.Release|Any CPU.ActiveCfg = Release|Any CPU
		{532FC286-9834-4CAD-9B3F-7F1844A7F5F9}.Release|Any CPU.Build.0 = Release|Any CPU
	EndGlobalSection
	GlobalSection(SolutionProperties) = preSolution
		HideSolutionNode = FALSE
	EndGlobalSection
	GlobalSection(ExtensibilityGlobals) = postSolution
		SolutionGuid = {5071B47C-7134-4B68-8FBF-1D29B82C3DBB}
	EndGlobalSection
EndGlobal
